{
	"name": "imooc_gp",
	"version": "0.0.1",
	"lockfileVersion": 1,
	"requires": true,
	"dependencies": {
		"react-native-tabbar-navigator": {
			"version": "0.4.3",
			"resolved": "http://registry.npm.taobao.org/react-native-tabbar-navigator/download/react-native-tabbar-navigator-0.4.3.tgz",
			"integrity": "sha1-b7a9bk7l0LscyaDJkWKye/9/pGo="
		}
	}
}
